("quicklisp" .
 (:class qlot/source/dist:source-dist
  :initargs (:distribution "https://beta.quicklisp.org/dist/quicklisp.txt" :%version :latest)
  :version "2023-10-21"))
("qitab-cl-protobufs" .
 (:class qlot/source/github:source-github
  :initargs (:repos "michaeldelago/qitab-cl-protobufs" :ref nil :branch "proto-source-file-pathname" :tag nil)
  :version "github-25acbbfca4a98db2c65231c35bc82c879aaa55b0"))
("grpc" .
 (:class qlot/source/github:source-github
  :initargs (:repos "michaeldelago/grpc" :ref nil :branch "client-deadline" :tag nil)
  :version "github-d0f2806f507dd19c73c1f920dd49b360ea5839d3"))
("serapeum" .
 (:class qlot/source/ql:source-ql
  :initargs (:%version :latest)
  :version "ql-2023-10-21"))
("alexandria" .
 (:class qlot/source/ql:source-ql
  :initargs (:%version :latest)
  :version "ql-2023-10-21"))
("log4cl" .
 (:class qlot/source/ql:source-ql
  :initargs (:%version :latest)
  :version "ql-2023-10-21"))
("log4cl-extras" .
 (:class qlot/source/ql:source-ql
  :initargs (:%version :latest)
  :version "ql-2023-10-21"))
("bordeaux-threads" .
 (:class qlot/source/ql:source-ql
  :initargs (:%version :latest)
  :version "ql-2023-10-21"))
("eager-future2" .
 (:class qlot/source/ql:source-ql
  :initargs (:%version :latest)
  :version "ql-2023-10-21"))
("dissect" .
 (:class qlot/source/git:source-git
  :initargs (:remote-url "https://github.com/shinmera/dissect")
  :version "git-a70cabcd748cf7c041196efd711e2dcca2bbbb2c"))
